{
    "name": "@wq/progress-element",
    "version": "2.0.0",
    "lockfileVersion": 1,
    "requires": true,
    "dependencies": {
        "@wq/progress": {
            "version": "2.0.0",
            "resolved": "https://registry.npmjs.org/@wq/progress/-/progress-2.0.0.tgz",
            "integrity": "sha512-Ndzike24NCrDb/m1wKYBWrpFWIer2H120pab7JzalujJABmxvQCahNeaAkT6VoSJHcbD+kSrmh9emY2khRSrFA=="
        },
        "jquery": {
            "version": "3.4.1",
            "resolved": "https://registry.npmjs.org/jquery/-/jquery-3.4.1.tgz",
            "integrity": "sha512-36+AdBzCL+y6qjw5Tx7HgzeGCzC81MDDgaUP8ld2zhx58HdqXGoBd+tHdrBMiyjGQs0Hxs/MLZTu/eHNJJuWPw==",
            "dev": true
        }
    }
}
